
Microsoft Visual Studio Solution File, Format Version 12.00
# Visual Studio Version 17
VisualStudioVersion = 17.1.32407.343
MinimumVisualStudioVersion = 10.0.40219.1
Project("{FAE04EC0-301F-11D3-BF4B-00C04F79EFBC}") = "IisRest.API", "IisRest.API\IisRest.API.csproj", "{BB734955-2AF5-4E45-A970-53E29656D3FC}"
EndProject
Project("{FAE04EC0-301F-11D3-BF4B-00C04F79EFBC}") = "IisRest.Contracts", "IisRest.Contracts\IisRest.Contracts.csproj", "{A74B1C9E-64A4-42A4-B8D0-A9E4ACB74BA4}"
EndProject
Project("{FAE04EC0-301F-11D3-BF4B-00C04F79EFBC}") = "IisRest.Data.Db.MsSql", "IisRest.Data.Db.MsSql\IisRest.Data.Db.MsSql.csproj", "{256D2E70-9EB7-4CA4-8F6D-378D44A5A8B1}"
EndProject
Project("{FAE04EC0-301F-11D3-BF4B-00C04F79EFBC}") = "IisRest.Services", "IisRest.Services\IisRest.Services.csproj", "{A16EFBA8-F66C-4473-9C28-0D4317E7F625}"
EndProject
Global
	GlobalSection(SolutionConfigurationPlatforms) = preSolution
		Debug|Any CPU = Debug|Any CPU
		Release|Any CPU = Release|Any CPU
	EndGlobalSection
	GlobalSection(ProjectConfigurationPlatforms) = postSolution
		{BB734955-2AF5-4E45-A970-53E29656D3FC}.Debug|Any CPU.ActiveCfg = Debug|Any CPU
		{BB734955-2AF5-4E45-A970-53E29656D3FC}.Debug|Any CPU.Build.0 = Debug|Any CPU
		{BB734955-2AF5-4E45-A970-53E29656D3FC}.Release|Any CPU.ActiveCfg = Release|Any CPU
		{BB734955-2AF5-4E45-A970-53E29656D3FC}.Release|Any CPU.Build.0 = Release|Any CPU
		{A74B1C9E-64A4-42A4-B8D0-A9E4ACB74BA4}.Debug|Any CPU.ActiveCfg = Debug|Any CPU
		{A74B1C9E-64A4-42A4-B8D0-A9E4ACB74BA4}.Debug|Any CPU.Build.0 = Debug|Any CPU
		{A74B1C9E-64A4-42A4-B8D0-A9E4ACB74BA4}.Release|Any CPU.ActiveCfg = Release|Any CPU
		{A74B1C9E-64A4-42A4-B8D0-A9E4ACB74BA4}.Release|Any CPU.Build.0 = Release|Any CPU
		{256D2E70-9EB7-4CA4-8F6D-378D44A5A8B1}.Debug|Any CPU.ActiveCfg = Debug|Any CPU
		{256D2E70-9EB7-4CA4-8F6D-378D44A5A8B1}.Debug|Any CPU.Build.0 = Debug|Any CPU
		{256D2E70-9EB7-4CA4-8F6D-378D44A5A8B1}.Release|Any CPU.ActiveCfg = Release|Any CPU
		{256D2E70-9EB7-4CA4-8F6D-378D44A5A8B1}.Release|Any CPU.Build.0 = Release|Any CPU
		{A16EFBA8-F66C-4473-9C28-0D4317E7F625}.Debug|Any CPU.ActiveCfg = Debug|Any CPU
		{A16EFBA8-F66C-4473-9C28-0D4317E7F625}.Debug|Any CPU.Build.0 = Debug|Any CPU
		{A16EFBA8-F66C-4473-9C28-0D4317E7F625}.Release|Any CPU.ActiveCfg = Release|Any CPU
		{A16EFBA8-F66C-4473-9C28-0D4317E7F625}.Release|Any CPU.Build.0 = Release|Any CPU
	EndGlobalSection
	GlobalSection(SolutionProperties) = preSolution
		HideSolutionNode = FALSE
	EndGlobalSection
	GlobalSection(ExtensibilityGlobals) = postSolution
		SolutionGuid = {A3B034C6-E9CD-4CE6-B774-9F7612F926FE}
	EndGlobalSection
EndGlobal
